
Microsoft Visual Studio Solution File, Format Version 12.00
# Visual Studio 15
Project("{FAE04EC0-301F-11D3-BF4B-00C04F79EFBC}") = "Unity.Timeline", "Unity.Timeline.csproj", "{96718114-D754-35C8-6D6B-8968C40ABAA0}"
EndProject
Project("{FAE04EC0-301F-11D3-BF4B-00C04F79EFBC}") = "Unity.2D.Animation.Editor", "Unity.2D.Animation.Editor.csproj", "{D7F50512-B1E9-C118-F39E-FD270B59CD64}"
EndProject
Project("{FAE04EC0-301F-11D3-BF4B-00C04F79EFBC}") = "Unity.Timeline.Editor", "Unity.Timeline.Editor.csproj", "{23FD6E18-21CE-5502-407B-2BD61C56804D}"
EndProject
Project("{FAE04EC0-301F-11D3-BF4B-00C04F79EFBC}") = "Unity.2D.Tilemap.Editor", "Unity.2D.Tilemap.Editor.csproj", "{DB91ED63-FA30-2487-ADB1-8D5708A76E05}"
EndProject
Project("{FAE04EC0-301F-11D3-BF4B-00C04F79EFBC}") = "UnityEngine.UI", "UnityEngine.UI.csproj", "{5B74C10A-C22D-D577-1805-3610B9F60DCA}"
EndProject
Project("{FAE04EC0-301F-11D3-BF4B-00C04F79EFBC}") = "Unity.PlasticSCM.Editor", "Unity.PlasticSCM.Editor.csproj", "{4C936676-3B1B-BE87-5BE1-A27726A212B9}"
EndProject
Project("{FAE04EC0-301F-11D3-BF4B-00C04F79EFBC}") = "Unity.2D.Psdimporter.Editor", "Unity.2D.Psdimporter.Editor.csproj", "{3664F076-7C8D-3AC0-BA25-7A1549B5A819}"
EndProject
Project("{FAE04EC0-301F-11D3-BF4B-00C04F79EFBC}") = "UnityEditor.UI", "UnityEditor.UI.csproj", "{0C6A4997-D94E-72A5-B4D1-F8477A2C6A2D}"
EndProject
Project("{FAE04EC0-301F-11D3-BF4B-00C04F79EFBC}") = "Unity.Mathematics", "Unity.Mathematics.csproj", "{41F9F737-AD36-F93D-A99B-B3682065B562}"
EndProject
Project("{FAE04EC0-301F-11D3-BF4B-00C04F79EFBC}") = "Unity.2D.Common.Path.Editor", "Unity.2D.Common.Path.Editor.csproj", "{96990A44-28C9-9BEB-3353-4EF4562DBA06}"
EndProject
Project("{FAE04EC0-301F-11D3-BF4B-00C04F79EFBC}") = "UnityEngine.TestRunner", "UnityEngine.TestRunner.csproj", "{69E9C24F-3863-FEDD-0558-D79B5B57DF0B}"
EndProject
Project("{FAE04EC0-301F-11D3-BF4B-00C04F79EFBC}") = "Unity.Collections", "Unity.Collections.csproj", "{2848A13F-9A6E-F34B-651A-13993190ABCD}"
EndProject
Project("{FAE04EC0-301F-11D3-BF4B-00C04F79EFBC}") = "Unity.2D.IK.Runtime", "Unity.2D.IK.Runtime.csproj", "{8D141B57-1DDC-CE6E-2C8C-807B0F298EA4}"
EndProject
Project("{FAE04EC0-301F-11D3-BF4B-00C04F79EFBC}") = "UnityEditor.TestRunner", "UnityEditor.TestRunner.csproj", "{C722A784-3185-C84C-832C-A961661B9342}"
EndProject
Project("{FAE04EC0-301F-11D3-BF4B-00C04F79EFBC}") = "Unity.PerformanceTesting.Editor", "Unity.PerformanceTesting.Editor.csproj", "{BE0B9A39-5C1D-D8C3-7B67-53BE3F7D88D4}"
EndProject
Project("{FAE04EC0-301F-11D3-BF4B-00C04F79EFBC}") = "Assembly-CSharp", "Assembly-CSharp.csproj", "{2BB6A8A5-0EF0-A736-AFEA-B8F9E6CCF001}"
EndProject
Project("{FAE04EC0-301F-11D3-BF4B-00C04F79EFBC}") = "PsdPlugin", "PsdPlugin.csproj", "{98EF14FD-7D2B-1B13-3578-8BC596F7ADF1}"
EndProject
Project("{FAE04EC0-301F-11D3-BF4B-00C04F79EFBC}") = "Unity.Burst", "Unity.Burst.csproj", "{97DE5496-678E-49B2-3D98-C717A002E5F6}"
EndProject
Project("{FAE04EC0-301F-11D3-BF4B-00C04F79EFBC}") = "Unity.2D.SpriteShape.Editor", "Unity.2D.SpriteShape.Editor.csproj", "{3456C31A-C0E4-9FBD-66E7-68E1BB53549C}"
EndProject
Project("{FAE04EC0-301F-11D3-BF4B-00C04F79EFBC}") = "Unity.VisualStudio.Editor", "Unity.VisualStudio.Editor.csproj", "{E6C5EFE2-376C-0B09-7B59-4DFCC28E9289}"
EndProject
Project("{FAE04EC0-301F-11D3-BF4B-00C04F79EFBC}") = "Unity.PerformanceTesting", "Unity.PerformanceTesting.csproj", "{04D56070-9EEA-5CA2-B49D-9B9C3651FF8F}"
EndProject
Project("{FAE04EC0-301F-11D3-BF4B-00C04F79EFBC}") = "Unity.TextMeshPro.Editor", "Unity.TextMeshPro.Editor.csproj", "{A9E2858F-3343-9F7D-FE47-492EFB37CD8F}"
EndProject
Project("{FAE04EC0-301F-11D3-BF4B-00C04F79EFBC}") = "Unity.InternalAPIEditorBridge.001", "Unity.InternalAPIEditorBridge.001.csproj", "{6501E84F-A453-A7EE-76A6-BF57E93981EA}"
EndProject
Project("{FAE04EC0-301F-11D3-BF4B-00C04F79EFBC}") = "Unity.2D.SpriteShape.Runtime", "Unity.2D.SpriteShape.Runtime.csproj", "{655616C6-CBEA-4E07-6DF7-10F20EA09374}"
EndProject
Project("{FAE04EC0-301F-11D3-BF4B-00C04F79EFBC}") = "Assembly-CSharp-Editor", "Assembly-CSharp-Editor.csproj", "{23037EBE-3D3E-F19E-F71D-2F460554A0DE}"
EndProject
Project("{FAE04EC0-301F-11D3-BF4B-00C04F79EFBC}") = "Unity.2D.Animation.Runtime", "Unity.2D.Animation.Runtime.csproj", "{7FB9AAD0-BF05-3D58-FED1-3C07D3644343}"
EndProject
Project("{FAE04EC0-301F-11D3-BF4B-00C04F79EFBC}") = "ScriptablePacker", "ScriptablePacker.csproj", "{C1B76A4F-45FD-F814-EC12-C5718F4D9971}"
EndProject
Project("{FAE04EC0-301F-11D3-BF4B-00C04F79EFBC}") = "Unity.Burst.CodeGen", "Unity.Burst.CodeGen.csproj", "{34CDB770-186C-A835-49C1-33129E26804A}"
EndProject
Project("{FAE04EC0-301F-11D3-BF4B-00C04F79EFBC}") = "Unity.TextMeshPro", "Unity.TextMeshPro.csproj", "{AE801A42-8430-BB01-151C-3B6D1E36583F}"
EndProject
Project("{FAE04EC0-301F-11D3-BF4B-00C04F79EFBC}") = "Assembly-CSharp-firstpass", "Assembly-CSharp-firstpass.csproj", "{8A25008C-FE6B-E0BD-B4DF-08C3CDD9E99A}"
EndProject
Project("{FAE04EC0-301F-11D3-BF4B-00C04F79EFBC}") = "Unity.VSCode.Editor", "Unity.VSCode.Editor.csproj", "{657202CF-37B6-D02E-5D90-2604B5E537E7}"
EndProject
Project("{FAE04EC0-301F-11D3-BF4B-00C04F79EFBC}") = "Unity.2D.IK.Editor", "Unity.2D.IK.Editor.csproj", "{8622FC24-4520-1679-F2EC-65210479E6F6}"
EndProject
Project("{FAE04EC0-301F-11D3-BF4B-00C04F79EFBC}") = "Unity.InternalAPIEngineBridge.001", "Unity.InternalAPIEngineBridge.001.csproj", "{51B9A8F4-08BB-AAA3-8DC2-B01179313BA2}"
EndProject
Project("{FAE04EC0-301F-11D3-BF4B-00C04F79EFBC}") = "Unity.Burst.Editor", "Unity.Burst.Editor.csproj", "{B6186FFE-A62B-EC8E-9CD4-D43269F142B0}"
EndProject
Project("{FAE04EC0-301F-11D3-BF4B-00C04F79EFBC}") = "Unity.2D.Common.Editor", "Unity.2D.Common.Editor.csproj", "{77F049F9-133F-8E31-2F2B-FAF365C8B690}"
EndProject
Project("{FAE04EC0-301F-11D3-BF4B-00C04F79EFBC}") = "Unity.2D.Sprite.Editor", "Unity.2D.Sprite.Editor.csproj", "{F772DBAF-BF12-8F6E-6C8C-697968E9896D}"
EndProject
Project("{FAE04EC0-301F-11D3-BF4B-00C04F79EFBC}") = "Unity.2D.PixelPerfect", "Unity.2D.PixelPerfect.csproj", "{E041B7CD-5109-7C77-5924-892BC40E2676}"
EndProject
Project("{FAE04EC0-301F-11D3-BF4B-00C04F79EFBC}") = "Unity.2D.PixelPerfect.Editor", "Unity.2D.PixelPerfect.Editor.csproj", "{A54ADA22-515E-40AF-314D-CBBCD924BD36}"
EndProject
Project("{FAE04EC0-301F-11D3-BF4B-00C04F79EFBC}") = "Unity.2D.Common.Runtime", "Unity.2D.Common.Runtime.csproj", "{C975CA1C-A479-BF5C-EB42-F68A339A0C7D}"
EndProject
Project("{FAE04EC0-301F-11D3-BF4B-00C04F79EFBC}") = "Unity.Collections.CodeGen", "Unity.Collections.CodeGen.csproj", "{B9DA1ECE-E707-255F-69D1-161B4A919000}"
EndProject
Project("{FAE04EC0-301F-11D3-BF4B-00C04F79EFBC}") = "Unity.Mathematics.Editor", "Unity.Mathematics.Editor.csproj", "{971D4833-BD40-EB69-EA91-AB2ED323F288}"
EndProject
Project("{FAE04EC0-301F-11D3-BF4B-00C04F79EFBC}") = "Unity.Collections.Editor", "Unity.Collections.Editor.csproj", "{26E5F0E7-FF05-57BC-89DA-9333A88EC60E}"
EndProject
Project("{FAE04EC0-301F-11D3-BF4B-00C04F79EFBC}") = "Unity.CollabProxy.Editor", "Unity.CollabProxy.Editor.csproj", "{D90CB59E-1B7A-C65C-4F80-42A3AAD33E2C}"
EndProject
Global
	GlobalSection(SolutionConfigurationPlatforms) = preSolution
		Debug|Any CPU = Debug|Any CPU
		Release|Any CPU = Release|Any CPU
	EndGlobalSection
	GlobalSection(ProjectConfigurationPlatforms) = postSolution
		{96718114-D754-35C8-6D6B-8968C40ABAA0}.Debug|Any CPU.ActiveCfg = Debug|Any CPU
		{96718114-D754-35C8-6D6B-8968C40ABAA0}.Debug|Any CPU.Build.0 = Debug|Any CPU
		{96718114-D754-35C8-6D6B-8968C40ABAA0}.Release|Any CPU.ActiveCfg = Release|Any CPU
		{96718114-D754-35C8-6D6B-8968C40ABAA0}.Release|Any CPU.Build.0 = Release|Any CPU
		{D7F50512-B1E9-C118-F39E-FD270B59CD64}.Debug|Any CPU.ActiveCfg = Debug|Any CPU
		{D7F50512-B1E9-C118-F39E-FD270B59CD64}.Debug|Any CPU.Build.0 = Debug|Any CPU
		{D7F50512-B1E9-C118-F39E-FD270B59CD64}.Release|Any CPU.ActiveCfg = Release|Any CPU
		{D7F50512-B1E9-C118-F39E-FD270B59CD64}.Release|Any CPU.Build.0 = Release|Any CPU
		{23FD6E18-21CE-5502-407B-2BD61C56804D}.Debug|Any CPU.ActiveCfg = Debug|Any CPU
		{23FD6E18-21CE-5502-407B-2BD61C56804D}.Debug|Any CPU.Build.0 = Debug|Any CPU
		{23FD6E18-21CE-5502-407B-2BD61C56804D}.Release|Any CPU.ActiveCfg = Release|Any CPU
		{23FD6E18-21CE-5502-407B-2BD61C56804D}.Release|Any CPU.Build.0 = Release|Any CPU
		{DB91ED63-FA30-2487-ADB1-8D5708A76E05}.Debug|Any CPU.ActiveCfg = Debug|Any CPU
		{DB91ED63-FA30-2487-ADB1-8D5708A76E05}.Debug|Any CPU.Build.0 = Debug|Any CPU
		{DB91ED63-FA30-2487-ADB1-8D5708A76E05}.Release|Any CPU.ActiveCfg = Release|Any CPU
		{DB91ED63-FA30-2487-ADB1-8D5708A76E05}.Release|Any CPU.Build.0 = Release|Any CPU
		{5B74C10A-C22D-D577-1805-3610B9F60DCA}.Debug|Any CPU.ActiveCfg = Debug|Any CPU
		{5B74C10A-C22D-D577-1805-3610B9F60DCA}.Debug|Any CPU.Build.0 = Debug|Any CPU
		{5B74C10A-C22D-D577-1805-3610B9F60DCA}.Release|Any CPU.ActiveCfg = Release|Any CPU
		{5B74C10A-C22D-D577-1805-3610B9F60DCA}.Release|Any CPU.Build.0 = Release|Any CPU
		{4C936676-3B1B-BE87-5BE1-A27726A212B9}.Debug|Any CPU.ActiveCfg = Debug|Any CPU
		{4C936676-3B1B-BE87-5BE1-A27726A212B9}.Debug|Any CPU.Build.0 = Debug|Any CPU
		{4C936676-3B1B-BE87-5BE1-A27726A212B9}.Release|Any CPU.ActiveCfg = Release|Any CPU
		{4C936676-3B1B-BE87-5BE1-A27726A212B9}.Release|Any CPU.Build.0 = Release|Any CPU
		{3664F076-7C8D-3AC0-BA25-7A1549B5A819}.Debug|Any CPU.ActiveCfg = Debug|Any CPU
		{3664F076-7C8D-3AC0-BA25-7A1549B5A819}.Debug|Any CPU.Build.0 = Debug|Any CPU
		{3664F076-7C8D-3AC0-BA25-7A1549B5A819}.Release|Any CPU.ActiveCfg = Release|Any CPU
		{3664F076-7C8D-3AC0-BA25-7A1549B5A819}.Release|Any CPU.Build.0 = Release|Any CPU
		{0C6A4997-D94E-72A5-B4D1-F8477A2C6A2D}.Debug|Any CPU.ActiveCfg = Debug|Any CPU
		{0C6A4997-D94E-72A5-B4D1-F8477A2C6A2D}.Debug|Any CPU.Build.0 = Debug|Any CPU
		{0C6A4997-D94E-72A5-B4D1-F8477A2C6A2D}.Release|Any CPU.ActiveCfg = Release|Any CPU
		{0C6A4997-D94E-72A5-B4D1-F8477A2C6A2D}.Release|Any CPU.Build.0 = Release|Any CPU
		{41F9F737-AD36-F93D-A99B-B3682065B562}.Debug|Any CPU.ActiveCfg = Debug|Any CPU
		{41F9F737-AD36-F93D-A99B-B3682065B562}.Debug|Any CPU.Build.0 = Debug|Any CPU
		{41F9F737-AD36-F93D-A99B-B3682065B562}.Release|Any CPU.ActiveCfg = Release|Any CPU
		{41F9F737-AD36-F93D-A99B-B3682065B562}.Release|Any CPU.Build.0 = Release|Any CPU
		{96990A44-28C9-9BEB-3353-4EF4562DBA06}.Debug|Any CPU.ActiveCfg = Debug|Any CPU
		{96990A44-28C9-9BEB-3353-4EF4562DBA06}.Debug|Any CPU.Build.0 = Debug|Any CPU
		{96990A44-28C9-9BEB-3353-4EF4562DBA06}.Release|Any CPU.ActiveCfg = Release|Any CPU
		{96990A44-28C9-9BEB-3353-4EF4562DBA06}.Release|Any CPU.Build.0 = Release|Any CPU
		{69E9C24F-3863-FEDD-0558-D79B5B57DF0B}.Debug|Any CPU.ActiveCfg = Debug|Any CPU
		{69E9C24F-3863-FEDD-0558-D79B5B57DF0B}.Debug|Any CPU.Build.0 = Debug|Any CPU
		{69E9C24F-3863-FEDD-0558-D79B5B57DF0B}.Release|Any CPU.ActiveCfg = Release|Any CPU
		{69E9C24F-3863-FEDD-0558-D79B5B57DF0B}.Release|Any CPU.Build.0 = Release|Any CPU
		{2848A13F-9A6E-F34B-651A-13993190ABCD}.Debug|Any CPU.ActiveCfg = Debug|Any CPU
		{2848A13F-9A6E-F34B-651A-13993190ABCD}.Debug|Any CPU.Build.0 = Debug|Any CPU
		{2848A13F-9A6E-F34B-651A-13993190ABCD}.Release|Any CPU.ActiveCfg = Release|Any CPU
		{2848A13F-9A6E-F34B-651A-13993190ABCD}.Release|Any CPU.Build.0 = Release|Any CPU
		{8D141B57-1DDC-CE6E-2C8C-807B0F298EA4}.Debug|Any CPU.ActiveCfg = Debug|Any CPU
		{8D141B57-1DDC-CE6E-2C8C-807B0F298EA4}.Debug|Any CPU.Build.0 = Debug|Any CPU
		{8D141B57-1DDC-CE6E-2C8C-807B0F298EA4}.Release|Any CPU.ActiveCfg = Release|Any CPU
		{8D141B57-1DDC-CE6E-2C8C-807B0F298EA4}.Release|Any CPU.Build.0 = Release|Any CPU
		{C722A784-3185-C84C-832C-A961661B9342}.Debug|Any CPU.ActiveCfg = Debug|Any CPU
		{C722A784-3185-C84C-832C-A961661B9342}.Debug|Any CPU.Build.0 = Debug|Any CPU
		{C722A784-3185-C84C-832C-A961661B9342}.Release|Any CPU.ActiveCfg = Release|Any CPU
		{C722A784-3185-C84C-832C-A961661B9342}.Release|Any CPU.Build.0 = Release|Any CPU
		{BE0B9A39-5C1D-D8C3-7B67-53BE3F7D88D4}.Debug|Any CPU.ActiveCfg = Debug|Any CPU
		{BE0B9A39-5C1D-D8C3-7B67-53BE3F7D88D4}.Debug|Any CPU.Build.0 = Debug|Any CPU
		{BE0B9A39-5C1D-D8C3-7B67-53BE3F7D88D4}.Release|Any CPU.ActiveCfg = Release|Any CPU
		{BE0B9A39-5C1D-D8C3-7B67-53BE3F7D88D4}.Release|Any CPU.Build.0 = Release|Any CPU
		{2BB6A8A5-0EF0-A736-AFEA-B8F9E6CCF001}.Debug|Any CPU.ActiveCfg = Debug|Any CPU
		{2BB6A8A5-0EF0-A736-AFEA-B8F9E6CCF001}.Debug|Any CPU.Build.0 = Debug|Any CPU
		{2BB6A8A5-0EF0-A736-AFEA-B8F9E6CCF001}.Release|Any CPU.ActiveCfg = Release|Any CPU
		{2BB6A8A5-0EF0-A736-AFEA-B8F9E6CCF001}.Release|Any CPU.Build.0 = Release|Any CPU
		{98EF14FD-7D2B-1B13-3578-8BC596F7ADF1}.Debug|Any CPU.ActiveCfg = Debug|Any CPU
		{98EF14FD-7D2B-1B13-3578-8BC596F7ADF1}.Debug|Any CPU.Build.0 = Debug|Any CPU
		{98EF14FD-7D2B-1B13-3578-8BC596F7ADF1}.Release|Any CPU.ActiveCfg = Release|Any CPU
		{98EF14FD-7D2B-1B13-3578-8BC596F7ADF1}.Release|Any CPU.Build.0 = Release|Any CPU
		{97DE5496-678E-49B2-3D98-C717A002E5F6}.Debug|Any CPU.ActiveCfg = Debug|Any CPU
		{97DE5496-678E-49B2-3D98-C717A002E5F6}.Debug|Any CPU.Build.0 = Debug|Any CPU
		{97DE5496-678E-49B2-3D98-C717A002E5F6}.Release|Any CPU.ActiveCfg = Release|Any CPU
		{97DE5496-678E-49B2-3D98-C717A002E5F6}.Release|Any CPU.Build.0 = Release|Any CPU
		{3456C31A-C0E4-9FBD-66E7-68E1BB53549C}.Debug|Any CPU.ActiveCfg = Debug|Any CPU
		{3456C31A-C0E4-9FBD-66E7-68E1BB53549C}.Debug|Any CPU.Build.0 = Debug|Any CPU
		{3456C31A-C0E4-9FBD-66E7-68E1BB53549C}.Release|Any CPU.ActiveCfg = Release|Any CPU
		{3456C31A-C0E4-9FBD-66E7-68E1BB53549C}.Release|Any CPU.Build.0 = Release|Any CPU
		{E6C5EFE2-376C-0B09-7B59-4DFCC28E9289}.Debug|Any CPU.ActiveCfg = Debug|Any CPU
		{E6C5EFE2-376C-0B09-7B59-4DFCC28E9289}.Debug|Any CPU.Build.0 = Debug|Any CPU
		{E6C5EFE2-376C-0B09-7B59-4DFCC28E9289}.Release|Any CPU.ActiveCfg = Release|Any CPU
		{E6C5EFE2-376C-0B09-7B59-4DFCC28E9289}.Release|Any CPU.Build.0 = Release|Any CPU
		{04D56070-9EEA-5CA2-B49D-9B9C3651FF8F}.Debug|Any CPU.ActiveCfg = Debug|Any CPU
		{04D56070-9EEA-5CA2-B49D-9B9C3651FF8F}.Debug|Any CPU.Build.0 = Debug|Any CPU
		{04D56070-9EEA-5CA2-B49D-9B9C3651FF8F}.Release|Any CPU.ActiveCfg = Release|Any CPU
		{04D56070-9EEA-5CA2-B49D-9B9C3651FF8F}.Release|Any CPU.Build.0 = Release|Any CPU
		{A9E2858F-3343-9F7D-FE47-492EFB37CD8F}.Debug|Any CPU.ActiveCfg = Debug|Any CPU
		{A9E2858F-3343-9F7D-FE47-492EFB37CD8F}.Debug|Any CPU.Build.0 = Debug|Any CPU
		{A9E2858F-3343-9F7D-FE47-492EFB37CD8F}.Release|Any CPU.ActiveCfg = Release|Any CPU
		{A9E2858F-3343-9F7D-FE47-492EFB37CD8F}.Release|Any CPU.Build.0 = Release|Any CPU
		{6501E84F-A453-A7EE-76A6-BF57E93981EA}.Debug|Any CPU.ActiveCfg = Debug|Any CPU
		{6501E84F-A453-A7EE-76A6-BF57E93981EA}.Debug|Any CPU.Build.0 = Debug|Any CPU
		{6501E84F-A453-A7EE-76A6-BF57E93981EA}.Release|Any CPU.ActiveCfg = Release|Any CPU
		{6501E84F-A453-A7EE-76A6-BF57E93981EA}.Release|Any CPU.Build.0 = Release|Any CPU
		{655616C6-CBEA-4E07-6DF7-10F20EA09374}.Debug|Any CPU.ActiveCfg = Debug|Any CPU
		{655616C6-CBEA-4E07-6DF7-10F20EA09374}.Debug|Any CPU.Build.0 = Debug|Any CPU
		{655616C6-CBEA-4E07-6DF7-10F20EA09374}.Release|Any CPU.ActiveCfg = Release|Any CPU
		{655616C6-CBEA-4E07-6DF7-10F20EA09374}.Release|Any CPU.Build.0 = Release|Any CPU
		{23037EBE-3D3E-F19E-F71D-2F460554A0DE}.Debug|Any CPU.ActiveCfg = Debug|Any CPU
		{23037EBE-3D3E-F19E-F71D-2F460554A0DE}.Debug|Any CPU.Build.0 = Debug|Any CPU
		{23037EBE-3D3E-F19E-F71D-2F460554A0DE}.Release|Any CPU.ActiveCfg = Release|Any CPU
		{23037EBE-3D3E-F19E-F71D-2F460554A0DE}.Release|Any CPU.Build.0 = Release|Any CPU
		{7FB9AAD0-BF05-3D58-FED1-3C07D3644343}.Debug|Any CPU.ActiveCfg = Debug|Any CPU
		{7FB9AAD0-BF05-3D58-FED1-3C07D3644343}.Debug|Any CPU.Build.0 = Debug|Any CPU
		{7FB9AAD0-BF05-3D58-FED1-3C07D3644343}.Release|Any CPU.ActiveCfg = Release|Any CPU
		{7FB9AAD0-BF05-3D58-FED1-3C07D3644343}.Release|Any CPU.Build.0 = Release|Any CPU
		{C1B76A4F-45FD-F814-EC12-C5718F4D9971}.Debug|Any CPU.ActiveCfg = Debug|Any CPU
		{C1B76A4F-45FD-F814-EC12-C5718F4D9971}.Debug|Any CPU.Build.0 = Debug|Any CPU
		{C1B76A4F-45FD-F814-EC12-C5718F4D9971}.Release|Any CPU.ActiveCfg = Release|Any CPU
		{C1B76A4F-45FD-F814-EC12-C5718F4D9971}.Release|Any CPU.Build.0 = Release|Any CPU
		{34CDB770-186C-A835-49C1-33129E26804A}.Debug|Any CPU.ActiveCfg = Debug|Any CPU
		{34CDB770-186C-A835-49C1-33129E26804A}.Debug|Any CPU.Build.0 = Debug|Any CPU
		{34CDB770-186C-A835-49C1-33129E26804A}.Release|Any CPU.ActiveCfg = Release|Any CPU
		{34CDB770-186C-A835-49C1-33129E26804A}.Release|Any CPU.Build.0 = Release|Any CPU
		{AE801A42-8430-BB01-151C-3B6D1E36583F}.Debug|Any CPU.ActiveCfg = Debug|Any CPU
		{AE801A42-8430-BB01-151C-3B6D1E36583F}.Debug|Any CPU.Build.0 = Debug|Any CPU
		{AE801A42-8430-BB01-151C-3B6D1E36583F}.Release|Any CPU.ActiveCfg = Release|Any CPU
		{AE801A42-8430-BB01-151C-3B6D1E36583F}.Release|Any CPU.Build.0 = Release|Any CPU
		{8A25008C-FE6B-E0BD-B4DF-08C3CDD9E99A}.Debug|Any CPU.ActiveCfg = Debug|Any CPU
		{8A25008C-FE6B-E0BD-B4DF-08C3CDD9E99A}.Debug|Any CPU.Build.0 = Debug|Any CPU
		{8A25008C-FE6B-E0BD-B4DF-08C3CDD9E99A}.Release|Any CPU.ActiveCfg = Release|Any CPU
		{8A25008C-FE6B-E0BD-B4DF-08C3CDD9E99A}.Release|Any CPU.Build.0 = Release|Any CPU
		{657202CF-37B6-D02E-5D90-2604B5E537E7}.Debug|Any CPU.ActiveCfg = Debug|Any CPU
		{657202CF-37B6-D02E-5D90-2604B5E537E7}.Debug|Any CPU.Build.0 = Debug|Any CPU
		{657202CF-37B6-D02E-5D90-2604B5E537E7}.Release|Any CPU.ActiveCfg = Release|Any CPU
		{657202CF-37B6-D02E-5D90-2604B5E537E7}.Release|Any CPU.Build.0 = Release|Any CPU
		{8622FC24-4520-1679-F2EC-65210479E6F6}.Debug|Any CPU.ActiveCfg = Debug|Any CPU
		{8622FC24-4520-1679-F2EC-65210479E6F6}.Debug|Any CPU.Build.0 = Debug|Any CPU
		{8622FC24-4520-1679-F2EC-65210479E6F6}.Release|Any CPU.ActiveCfg = Release|Any CPU
		{8622FC24-4520-1679-F2EC-65210479E6F6}.Release|Any CPU.Build.0 = Release|Any CPU
		{51B9A8F4-08BB-AAA3-8DC2-B01179313BA2}.Debug|Any CPU.ActiveCfg = Debug|Any CPU
		{51B9A8F4-08BB-AAA3-8DC2-B01179313BA2}.Debug|Any CPU.Build.0 = Debug|Any CPU
		{51B9A8F4-08BB-AAA3-8DC2-B01179313BA2}.Release|Any CPU.ActiveCfg = Release|Any CPU
		{51B9A8F4-08BB-AAA3-8DC2-B01179313BA2}.Release|Any CPU.Build.0 = Release|Any CPU
		{B6186FFE-A62B-EC8E-9CD4-D43269F142B0}.Debug|Any CPU.ActiveCfg = Debug|Any CPU
		{B6186FFE-A62B-EC8E-9CD4-D43269F142B0}.Debug|Any CPU.Build.0 = Debug|Any CPU
		{B6186FFE-A62B-EC8E-9CD4-D43269F142B0}.Release|Any CPU.ActiveCfg = Release|Any CPU
		{B6186FFE-A62B-EC8E-9CD4-D43269F142B0}.Release|Any CPU.Build.0 = Release|Any CPU
		{77F049F9-133F-8E31-2F2B-FAF365C8B690}.Debug|Any CPU.ActiveCfg = Debug|Any CPU
		{77F049F9-133F-8E31-2F2B-FAF365C8B690}.Debug|Any CPU.Build.0 = Debug|Any CPU
		{77F049F9-133F-8E31-2F2B-FAF365C8B690}.Release|Any CPU.ActiveCfg = Release|Any CPU
		{77F049F9-133F-8E31-2F2B-FAF365C8B690}.Release|Any CPU.Build.0 = Release|Any CPU
		{F772DBAF-BF12-8F6E-6C8C-697968E9896D}.Debug|Any CPU.ActiveCfg = Debug|Any CPU
		{F772DBAF-BF12-8F6E-6C8C-697968E9896D}.Debug|Any CPU.Build.0 = Debug|Any CPU
		{F772DBAF-BF12-8F6E-6C8C-697968E9896D}.Release|Any CPU.ActiveCfg = Release|Any CPU
		{F772DBAF-BF12-8F6E-6C8C-697968E9896D}.Release|Any CPU.Build.0 = Release|Any CPU
		{E041B7CD-5109-7C77-5924-892BC40E2676}.Debug|Any CPU.ActiveCfg = Debug|Any CPU
		{E041B7CD-5109-7C77-5924-892BC40E2676}.Debug|Any CPU.Build.0 = Debug|Any CPU
		{E041B7CD-5109-7C77-5924-892BC40E2676}.Release|Any CPU.ActiveCfg = Release|Any CPU
		{E041B7CD-5109-7C77-5924-892BC40E2676}.Release|Any CPU.Build.0 = Release|Any CPU
		{A54ADA22-515E-40AF-314D-CBBCD924BD36}.Debug|Any CPU.ActiveCfg = Debug|Any CPU
		{A54ADA22-515E-40AF-314D-CBBCD924BD36}.Debug|Any CPU.Build.0 = Debug|Any CPU
		{A54ADA22-515E-40AF-314D-CBBCD924BD36}.Release|Any CPU.ActiveCfg = Release|Any CPU
		{A54ADA22-515E-40AF-314D-CBBCD924BD36}.Release|Any CPU.Build.0 = Release|Any CPU
		{C975CA1C-A479-BF5C-EB42-F68A339A0C7D}.Debug|Any CPU.ActiveCfg = Debug|Any CPU
		{C975CA1C-A479-BF5C-EB42-F68A339A0C7D}.Debug|Any CPU.Build.0 = Debug|Any CPU
		{C975CA1C-A479-BF5C-EB42-F68A339A0C7D}.Release|Any CPU.ActiveCfg = Release|Any CPU
		{C975CA1C-A479-BF5C-EB42-F68A339A0C7D}.Release|Any CPU.Build.0 = Release|Any CPU
		{B9DA1ECE-E707-255F-69D1-161B4A919000}.Debug|Any CPU.ActiveCfg = Debug|Any CPU
		{B9DA1ECE-E707-255F-69D1-161B4A919000}.Debug|Any CPU.Build.0 = Debug|Any CPU
		{B9DA1ECE-E707-255F-69D1-161B4A919000}.Release|Any CPU.ActiveCfg = Release|Any CPU
		{B9DA1ECE-E707-255F-69D1-161B4A919000}.Release|Any CPU.Build.0 = Release|Any CPU
		{971D4833-BD40-EB69-EA91-AB2ED323F288}.Debug|Any CPU.ActiveCfg = Debug|Any CPU
		{971D4833-BD40-EB69-EA91-AB2ED323F288}.Debug|Any CPU.Build.0 = Debug|Any CPU
		{971D4833-BD40-EB69-EA91-AB2ED323F288}.Release|Any CPU.ActiveCfg = Release|Any CPU
		{971D4833-BD40-EB69-EA91-AB2ED323F288}.Release|Any CPU.Build.0 = Release|Any CPU
		{26E5F0E7-FF05-57BC-89DA-9333A88EC60E}.Debug|Any CPU.ActiveCfg = Debug|Any CPU
		{26E5F0E7-FF05-57BC-89DA-9333A88EC60E}.Debug|Any CPU.Build.0 = Debug|Any CPU
		{26E5F0E7-FF05-57BC-89DA-9333A88EC60E}.Release|Any CPU.ActiveCfg = Release|Any CPU
		{26E5F0E7-FF05-57BC-89DA-9333A88EC60E}.Release|Any CPU.Build.0 = Release|Any CPU
		{D90CB59E-1B7A-C65C-4F80-42A3AAD33E2C}.Debug|Any CPU.ActiveCfg = Debug|Any CPU
		{D90CB59E-1B7A-C65C-4F80-42A3AAD33E2C}.Debug|Any CPU.Build.0 = Debug|Any CPU
		{D90CB59E-1B7A-C65C-4F80-42A3AAD33E2C}.Release|Any CPU.ActiveCfg = Release|Any CPU
		{D90CB59E-1B7A-C65C-4F80-42A3AAD33E2C}.Release|Any CPU.Build.0 = Release|Any CPU
	EndGlobalSection
	GlobalSection(SolutionProperties) = preSolution
		HideSolutionNode = FALSE
	EndGlobalSection
EndGlobal
